
Microsoft Visual Studio Solution File, Format Version 12.00
# Visual Studio 15
VisualStudioVersion = 15.0.27004.2010
MinimumVisualStudioVersion = 10.0.40219.1
Project("{FAE04EC0-301F-11D3-BF4B-00C04F79EFBC}") = "SportsStore.Domain", "SportsStore.Domain\SportsStore.Domain.csproj", "{59363668-60B6-49F6-8DE1-9A831488AE46}"
EndProject
Project("{FAE04EC0-301F-11D3-BF4B-00C04F79EFBC}") = "SportsStore.WebUI", "SportsStore.WebUI\SportsStore.WebUI.csproj", "{679DD828-C0D4-4307-8013-28648E5B0D0C}"
EndProject
Project("{FAE04EC0-301F-11D3-BF4B-00C04F79EFBC}") = "SportsStore.UnitTests", "SportsStore.UnitTests\SportsStore.UnitTests.csproj", "{A340E5A8-A37B-4319-A5ED-A1779CC9AA2B}"
EndProject
Global
	GlobalSection(SolutionConfigurationPlatforms) = preSolution
		Debug|Any CPU = Debug|Any CPU
		Release|Any CPU = Release|Any CPU
	EndGlobalSection
	GlobalSection(ProjectConfigurationPlatforms) = postSolution
		{59363668-60B6-49F6-8DE1-9A831488AE46}.Debug|Any CPU.ActiveCfg = Debug|Any CPU
		{59363668-60B6-49F6-8DE1-9A831488AE46}.Debug|Any CPU.Build.0 = Debug|Any CPU
		{59363668-60B6-49F6-8DE1-9A831488AE46}.Release|Any CPU.ActiveCfg = Release|Any CPU
		{59363668-60B6-49F6-8DE1-9A831488AE46}.Release|Any CPU.Build.0 = Release|Any CPU
		{679DD828-C0D4-4307-8013-28648E5B0D0C}.Debug|Any CPU.ActiveCfg = Debug|Any CPU
		{679DD828-C0D4-4307-8013-28648E5B0D0C}.Debug|Any CPU.Build.0 = Debug|Any CPU
		{679DD828-C0D4-4307-8013-28648E5B0D0C}.Release|Any CPU.ActiveCfg = Release|Any CPU
		{679DD828-C0D4-4307-8013-28648E5B0D0C}.Release|Any CPU.Build.0 = Release|Any CPU
		{A340E5A8-A37B-4319-A5ED-A1779CC9AA2B}.Debug|Any CPU.ActiveCfg = Debug|Any CPU
		{A340E5A8-A37B-4319-A5ED-A1779CC9AA2B}.Debug|Any CPU.Build.0 = Debug|Any CPU
		{A340E5A8-A37B-4319-A5ED-A1779CC9AA2B}.Release|Any CPU.ActiveCfg = Release|Any CPU
		{A340E5A8-A37B-4319-A5ED-A1779CC9AA2B}.Release|Any CPU.Build.0 = Release|Any CPU
	EndGlobalSection
	GlobalSection(SolutionProperties) = preSolution
		HideSolutionNode = FALSE
	EndGlobalSection
	GlobalSection(ExtensibilityGlobals) = postSolution
		SolutionGuid = {E232C9A0-F269-48BA-B073-E84EDD44D93B}
	EndGlobalSection
EndGlobal
